
Microsoft Visual Studio Solution File, Format Version 12.00
# Visual Studio Version 16
VisualStudioVersion = 16.0.28803.352
MinimumVisualStudioVersion = 10.0.40219.1
Project("{2150E333-8FDC-42A3-9474-1A3956D46DE8}") = "Solution Items", "Solution Items", "{10559CEB-2FF0-4617-9122-928F7D8D2E3F}"
	ProjectSection(SolutionItems) = preProject
		.gitlab-ci.yml = .gitlab-ci.yml
		appveyor.yml = appveyor.yml
		CHANGELOG.md = CHANGELOG.md
		GitVersion.yml = GitVersion.yml
		README.md = README.md
		rebuildself.cmd = rebuildself.cmd
		ResetEnvironment.cmd = ResetEnvironment.cmd
	EndProjectSection
EndProject
Project("{FAE04EC0-301F-11D3-BF4B-00C04F79EFBC}") = "GitLab.VisualStudio.Shared", "src\GitLab.VisualStudio.Shared\GitLab.VisualStudio.Shared.csproj", "{C3150B82-8E79-4FF6-A9FF-E361C108384F}"
EndProject
Project("{FAE04EC0-301F-11D3-BF4B-00C04F79EFBC}") = "GitLab.VisualStudio", "src\GitLab.VisualStudio\GitLab.VisualStudio.csproj", "{11569514-5AE5-4B5B-92A2-F10B0967DE5F}"
EndProject
Project("{FAE04EC0-301F-11D3-BF4B-00C04F79EFBC}") = "GitLab.VisualStudio.UI", "src\GitLab.VisualStudio.UI\GitLab.VisualStudio.UI.csproj", "{EC0FA794-798E-4949-A9A1-608E0B5E5EEA}"
EndProject
Project("{FAE04EC0-301F-11D3-BF4B-00C04F79EFBC}") = "GitLab.TeamFoundation.15", "src\GitLab.TeamFoundation.15\GitLab.TeamFoundation.15.csproj", "{C7EF7CBE-77AD-41B7-8DDE-C685D63D2EB3}"
EndProject
Project("{FAE04EC0-301F-11D3-BF4B-00C04F79EFBC}") = "GitLab.TeamFoundation.14", "src\GitLab.TeamFoundation.14\GitLab.TeamFoundation.14.csproj", "{161DBF01-1DBF-4B00-8551-C5C00F26720D}"
EndProject
Project("{FAE04EC0-301F-11D3-BF4B-00C04F79EFBC}") = "GitLab.TeamFoundation.16", "src\GitLab.TeamFoundation.16\GitLab.TeamFoundation.16.csproj", "{48B7CF42-9F19-4A4C-817D-2021D9A64BFD}"
EndProject
Project("{FAE04EC0-301F-11D3-BF4B-00C04F79EFBC}") = "GitLab.StartPage", "src\GitLab.StartPage\GitLab.StartPage.csproj", "{50E277B8-8580-487A-8F8E-5C3B9FBF0F77}"
EndProject
Global
	GlobalSection(SolutionConfigurationPlatforms) = preSolution
		Debug|Any CPU = Debug|Any CPU
		Debug|x86 = Debug|x86
		DebugVS2015|Any CPU = DebugVS2015|Any CPU
		DebugVS2015|x86 = DebugVS2015|x86
		Publish|Any CPU = Publish|Any CPU
		Publish|x86 = Publish|x86
		Release|Any CPU = Release|Any CPU
		Release|x86 = Release|x86
		XamlDesign|Any CPU = XamlDesign|Any CPU
		XamlDesign|x86 = XamlDesign|x86
	EndGlobalSection
	GlobalSection(ProjectConfigurationPlatforms) = postSolution
		{C3150B82-8E79-4FF6-A9FF-E361C108384F}.Debug|Any CPU.ActiveCfg = Debug|Any CPU
		{C3150B82-8E79-4FF6-A9FF-E361C108384F}.Debug|Any CPU.Build.0 = Debug|Any CPU
		{C3150B82-8E79-4FF6-A9FF-E361C108384F}.Debug|x86.ActiveCfg = Debug|Any CPU
		{C3150B82-8E79-4FF6-A9FF-E361C108384F}.Debug|x86.Build.0 = Debug|Any CPU
		{C3150B82-8E79-4FF6-A9FF-E361C108384F}.DebugVS2015|Any CPU.ActiveCfg = DebugVS2015|Any CPU
		{C3150B82-8E79-4FF6-A9FF-E361C108384F}.DebugVS2015|Any CPU.Build.0 = DebugVS2015|Any CPU
		{C3150B82-8E79-4FF6-A9FF-E361C108384F}.DebugVS2015|x86.ActiveCfg = DebugVS2015|Any CPU
		{C3150B82-8E79-4FF6-A9FF-E361C108384F}.DebugVS2015|x86.Build.0 = DebugVS2015|Any CPU
		{C3150B82-8E79-4FF6-A9FF-E361C108384F}.Publish|Any CPU.ActiveCfg = Release|Any CPU
		{C3150B82-8E79-4FF6-A9FF-E361C108384F}.Publish|Any CPU.Build.0 = Release|Any CPU
		{C3150B82-8E79-4FF6-A9FF-E361C108384F}.Publish|x86.ActiveCfg = Release|Any CPU
		{C3150B82-8E79-4FF6-A9FF-E361C108384F}.Publish|x86.Build.0 = Release|Any CPU
		{C3150B82-8E79-4FF6-A9FF-E361C108384F}.Release|Any CPU.ActiveCfg = Release|Any CPU
		{C3150B82-8E79-4FF6-A9FF-E361C108384F}.Release|Any CPU.Build.0 = Release|Any CPU
		{C3150B82-8E79-4FF6-A9FF-E361C108384F}.Release|x86.ActiveCfg = Release|Any CPU
		{C3150B82-8E79-4FF6-A9FF-E361C108384F}.Release|x86.Build.0 = Release|Any CPU
		{C3150B82-8E79-4FF6-A9FF-E361C108384F}.XamlDesign|Any CPU.ActiveCfg = Release|Any CPU
		{C3150B82-8E79-4FF6-A9FF-E361C108384F}.XamlDesign|Any CPU.Build.0 = Release|Any CPU
		{C3150B82-8E79-4FF6-A9FF-E361C108384F}.XamlDesign|x86.ActiveCfg = Release|Any CPU
		{C3150B82-8E79-4FF6-A9FF-E361C108384F}.XamlDesign|x86.Build.0 = Release|Any CPU
		{11569514-5AE5-4B5B-92A2-F10B0967DE5F}.Debug|Any CPU.ActiveCfg = Debug|Any CPU
		{11569514-5AE5-4B5B-92A2-F10B0967DE5F}.Debug|Any CPU.Build.0 = Debug|Any CPU
		{11569514-5AE5-4B5B-92A2-F10B0967DE5F}.Debug|x86.ActiveCfg = Debug|Any CPU
		{11569514-5AE5-4B5B-92A2-F10B0967DE5F}.Debug|x86.Build.0 = Debug|Any CPU
		{11569514-5AE5-4B5B-92A2-F10B0967DE5F}.DebugVS2015|Any CPU.ActiveCfg = DebugVS2015|Any CPU
		{11569514-5AE5-4B5B-92A2-F10B0967DE5F}.DebugVS2015|Any CPU.Build.0 = DebugVS2015|Any CPU
		{11569514-5AE5-4B5B-92A2-F10B0967DE5F}.DebugVS2015|x86.ActiveCfg = DebugVS2015|Any CPU
		{11569514-5AE5-4B5B-92A2-F10B0967DE5F}.DebugVS2015|x86.Build.0 = DebugVS2015|Any CPU
		{11569514-5AE5-4B5B-92A2-F10B0967DE5F}.Publish|Any CPU.ActiveCfg = Release|Any CPU
		{11569514-5AE5-4B5B-92A2-F10B0967DE5F}.Publish|Any CPU.Build.0 = Release|Any CPU
		{11569514-5AE5-4B5B-92A2-F10B0967DE5F}.Publish|x86.ActiveCfg = Release|Any CPU
		{11569514-5AE5-4B5B-92A2-F10B0967DE5F}.Publish|x86.Build.0 = Release|Any CPU
		{11569514-5AE5-4B5B-92A2-F10B0967DE5F}.Release|Any CPU.ActiveCfg = Release|Any CPU
		{11569514-5AE5-4B5B-92A2-F10B0967DE5F}.Release|Any CPU.Build.0 = Release|Any CPU
		{11569514-5AE5-4B5B-92A2-F10B0967DE5F}.Release|x86.ActiveCfg = Release|Any CPU
		{11569514-5AE5-4B5B-92A2-F10B0967DE5F}.Release|x86.Build.0 = Release|Any CPU
		{11569514-5AE5-4B5B-92A2-F10B0967DE5F}.XamlDesign|Any CPU.ActiveCfg = Release|Any CPU
		{11569514-5AE5-4B5B-92A2-F10B0967DE5F}.XamlDesign|Any CPU.Build.0 = Release|Any CPU
		{11569514-5AE5-4B5B-92A2-F10B0967DE5F}.XamlDesign|x86.ActiveCfg = Release|Any CPU
		{11569514-5AE5-4B5B-92A2-F10B0967DE5F}.XamlDesign|x86.Build.0 = Release|Any CPU
		{EC0FA794-798E-4949-A9A1-608E0B5E5EEA}.Debug|Any CPU.ActiveCfg = Debug|Any CPU
		{EC0FA794-798E-4949-A9A1-608E0B5E5EEA}.Debug|Any CPU.Build.0 = Debug|Any CPU
		{EC0FA794-798E-4949-A9A1-608E0B5E5EEA}.Debug|x86.ActiveCfg = Debug|Any CPU
		{EC0FA794-798E-4949-A9A1-608E0B5E5EEA}.Debug|x86.Build.0 = Debug|Any CPU
		{EC0FA794-798E-4949-A9A1-608E0B5E5EEA}.DebugVS2015|Any CPU.ActiveCfg = DebugVS2015|Any CPU
		{EC0FA794-798E-4949-A9A1-608E0B5E5EEA}.DebugVS2015|Any CPU.Build.0 = DebugVS2015|Any CPU
		{EC0FA794-798E-4949-A9A1-608E0B5E5EEA}.DebugVS2015|x86.ActiveCfg = DebugVS2015|Any CPU
		{EC0FA794-798E-4949-A9A1-608E0B5E5EEA}.DebugVS2015|x86.Build.0 = DebugVS2015|Any CPU
		{EC0FA794-798E-4949-A9A1-608E0B5E5EEA}.Publish|Any CPU.ActiveCfg = Release|Any CPU
		{EC0FA794-798E-4949-A9A1-608E0B5E5EEA}.Publish|Any CPU.Build.0 = Release|Any CPU
		{EC0FA794-798E-4949-A9A1-608E0B5E5EEA}.Publish|x86.ActiveCfg = Release|Any CPU
		{EC0FA794-798E-4949-A9A1-608E0B5E5EEA}.Publish|x86.Build.0 = Release|Any CPU
		{EC0FA794-798E-4949-A9A1-608E0B5E5EEA}.Release|Any CPU.ActiveCfg = Release|Any CPU
		{EC0FA794-798E-4949-A9A1-608E0B5E5EEA}.Release|Any CPU.Build.0 = Release|Any CPU
		{EC0FA794-798E-4949-A9A1-608E0B5E5EEA}.Release|x86.ActiveCfg = Release|Any CPU
		{EC0FA794-798E-4949-A9A1-608E0B5E5EEA}.Release|x86.Build.0 = Release|Any CPU
		{EC0FA794-798E-4949-A9A1-608E0B5E5EEA}.XamlDesign|Any CPU.ActiveCfg = Release|Any CPU
		{EC0FA794-798E-4949-A9A1-608E0B5E5EEA}.XamlDesign|Any CPU.Build.0 = Release|Any CPU
		{EC0FA794-798E-4949-A9A1-608E0B5E5EEA}.XamlDesign|x86.ActiveCfg = Release|Any CPU
		{EC0FA794-798E-4949-A9A1-608E0B5E5EEA}.XamlDesign|x86.Build.0 = Release|Any CPU
		{C7EF7CBE-77AD-41B7-8DDE-C685D63D2EB3}.Debug|Any CPU.ActiveCfg = Debug|Any CPU
		{C7EF7CBE-77AD-41B7-8DDE-C685D63D2EB3}.Debug|Any CPU.Build.0 = Debug|Any CPU
		{C7EF7CBE-77AD-41B7-8DDE-C685D63D2EB3}.Debug|x86.ActiveCfg = Debug|Any CPU
		{C7EF7CBE-77AD-41B7-8DDE-C685D63D2EB3}.Debug|x86.Build.0 = Debug|Any CPU
		{C7EF7CBE-77AD-41B7-8DDE-C685D63D2EB3}.DebugVS2015|Any CPU.ActiveCfg = DebugVS2015|Any CPU
		{C7EF7CBE-77AD-41B7-8DDE-C685D63D2EB3}.DebugVS2015|Any CPU.Build.0 = DebugVS2015|Any CPU
		{C7EF7CBE-77AD-41B7-8DDE-C685D63D2EB3}.DebugVS2015|x86.ActiveCfg = DebugVS2015|Any CPU
		{C7EF7CBE-77AD-41B7-8DDE-C685D63D2EB3}.DebugVS2015|x86.Build.0 = DebugVS2015|Any CPU
		{C7EF7CBE-77AD-41B7-8DDE-C685D63D2EB3}.Publish|Any CPU.ActiveCfg = Release|Any CPU
		{C7EF7CBE-77AD-41B7-8DDE-C685D63D2EB3}.Publish|Any CPU.Build.0 = Release|Any CPU
		{C7EF7CBE-77AD-41B7-8DDE-C685D63D2EB3}.Publish|x86.ActiveCfg = Release|Any CPU
		{C7EF7CBE-77AD-41B7-8DDE-C685D63D2EB3}.Publish|x86.Build.0 = Release|Any CPU
		{C7EF7CBE-77AD-41B7-8DDE-C685D63D2EB3}.Release|Any CPU.ActiveCfg = Release|Any CPU
		{C7EF7CBE-77AD-41B7-8DDE-C685D63D2EB3}.Release|Any CPU.Build.0 = Release|Any CPU
		{C7EF7CBE-77AD-41B7-8DDE-C685D63D2EB3}.Release|x86.ActiveCfg = Release|Any CPU
		{C7EF7CBE-77AD-41B7-8DDE-C685D63D2EB3}.Release|x86.Build.0 = Release|Any CPU
		{C7EF7CBE-77AD-41B7-8DDE-C685D63D2EB3}.XamlDesign|Any CPU.ActiveCfg = Release|Any CPU
		{C7EF7CBE-77AD-41B7-8DDE-C685D63D2EB3}.XamlDesign|Any CPU.Build.0 = Release|Any CPU
		{C7EF7CBE-77AD-41B7-8DDE-C685D63D2EB3}.XamlDesign|x86.ActiveCfg = Release|Any CPU
		{C7EF7CBE-77AD-41B7-8DDE-C685D63D2EB3}.XamlDesign|x86.Build.0 = Release|Any CPU
		{161DBF01-1DBF-4B00-8551-C5C00F26720D}.Debug|Any CPU.ActiveCfg = Debug|Any CPU
		{161DBF01-1DBF-4B00-8551-C5C00F26720D}.Debug|Any CPU.Build.0 = Debug|Any CPU
		{161DBF01-1DBF-4B00-8551-C5C00F26720D}.Debug|x86.ActiveCfg = Debug|Any CPU
		{161DBF01-1DBF-4B00-8551-C5C00F26720D}.Debug|x86.Build.0 = Debug|Any CPU
		{161DBF01-1DBF-4B00-8551-C5C00F26720D}.DebugVS2015|Any CPU.ActiveCfg = DebugVS2015|Any CPU
		{161DBF01-1DBF-4B00-8551-C5C00F26720D}.DebugVS2015|Any CPU.Build.0 = DebugVS2015|Any CPU
		{161DBF01-1DBF-4B00-8551-C5C00F26720D}.DebugVS2015|x86.ActiveCfg = DebugVS2015|Any CPU
		{161DBF01-1DBF-4B00-8551-C5C00F26720D}.DebugVS2015|x86.Build.0 = DebugVS2015|Any CPU
		{161DBF01-1DBF-4B00-8551-C5C00F26720D}.Publish|Any CPU.ActiveCfg = Release|Any CPU
		{161DBF01-1DBF-4B00-8551-C5C00F26720D}.Publish|Any CPU.Build.0 = Release|Any CPU
		{161DBF01-1DBF-4B00-8551-C5C00F26720D}.Publish|x86.ActiveCfg = Release|Any CPU
		{161DBF01-1DBF-4B00-8551-C5C00F26720D}.Publish|x86.Build.0 = Release|Any CPU
		{161DBF01-1DBF-4B00-8551-C5C00F26720D}.Release|Any CPU.ActiveCfg = Release|Any CPU
		{161DBF01-1DBF-4B00-8551-C5C00F26720D}.Release|Any CPU.Build.0 = Release|Any CPU
		{161DBF01-1DBF-4B00-8551-C5C00F26720D}.Release|x86.ActiveCfg = Release|Any CPU
		{161DBF01-1DBF-4B00-8551-C5C00F26720D}.Release|x86.Build.0 = Release|Any CPU
		{161DBF01-1DBF-4B00-8551-C5C00F26720D}.XamlDesign|Any CPU.ActiveCfg = Release|Any CPU
		{161DBF01-1DBF-4B00-8551-C5C00F26720D}.XamlDesign|Any CPU.Build.0 = Release|Any CPU
		{161DBF01-1DBF-4B00-8551-C5C00F26720D}.XamlDesign|x86.ActiveCfg = Release|Any CPU
		{161DBF01-1DBF-4B00-8551-C5C00F26720D}.XamlDesign|x86.Build.0 = Release|Any CPU
		{48B7CF42-9F19-4A4C-817D-2021D9A64BFD}.Debug|Any CPU.ActiveCfg = Debug|Any CPU
		{48B7CF42-9F19-4A4C-817D-2021D9A64BFD}.Debug|Any CPU.Build.0 = Debug|Any CPU
		{48B7CF42-9F19-4A4C-817D-2021D9A64BFD}.Debug|x86.ActiveCfg = Debug|Any CPU
		{48B7CF42-9F19-4A4C-817D-2021D9A64BFD}.Debug|x86.Build.0 = Debug|Any CPU
		{48B7CF42-9F19-4A4C-817D-2021D9A64BFD}.DebugVS2015|Any CPU.ActiveCfg = DebugVS2015|Any CPU
		{48B7CF42-9F19-4A4C-817D-2021D9A64BFD}.DebugVS2015|Any CPU.Build.0 = DebugVS2015|Any CPU
		{48B7CF42-9F19-4A4C-817D-2021D9A64BFD}.DebugVS2015|x86.ActiveCfg = DebugVS2015|Any CPU
		{48B7CF42-9F19-4A4C-817D-2021D9A64BFD}.DebugVS2015|x86.Build.0 = DebugVS2015|Any CPU
		{48B7CF42-9F19-4A4C-817D-2021D9A64BFD}.Publish|Any CPU.ActiveCfg = DebugVS2015|Any CPU
		{48B7CF42-9F19-4A4C-817D-2021D9A64BFD}.Publish|Any CPU.Build.0 = DebugVS2015|Any CPU
		{48B7CF42-9F19-4A4C-817D-2021D9A64BFD}.Publish|x86.ActiveCfg = DebugVS2015|Any CPU
		{48B7CF42-9F19-4A4C-817D-2021D9A64BFD}.Publish|x86.Build.0 = DebugVS2015|Any CPU
		{48B7CF42-9F19-4A4C-817D-2021D9A64BFD}.Release|Any CPU.ActiveCfg = Release|Any CPU
		{48B7CF42-9F19-4A4C-817D-2021D9A64BFD}.Release|Any CPU.Build.0 = Release|Any CPU
		{48B7CF42-9F19-4A4C-817D-2021D9A64BFD}.Release|x86.ActiveCfg = Release|Any CPU
		{48B7CF42-9F19-4A4C-817D-2021D9A64BFD}.Release|x86.Build.0 = Release|Any CPU
		{48B7CF42-9F19-4A4C-817D-2021D9A64BFD}.XamlDesign|Any CPU.ActiveCfg = DebugVS2015|Any CPU
		{48B7CF42-9F19-4A4C-817D-2021D9A64BFD}.XamlDesign|Any CPU.Build.0 = DebugVS2015|Any CPU
		{48B7CF42-9F19-4A4C-817D-2021D9A64BFD}.XamlDesign|x86.ActiveCfg = DebugVS2015|Any CPU
		{48B7CF42-9F19-4A4C-817D-2021D9A64BFD}.XamlDesign|x86.Build.0 = DebugVS2015|Any CPU
		{50E277B8-8580-487A-8F8E-5C3B9FBF0F77}.Debug|Any CPU.ActiveCfg = Debug|Any CPU
		{50E277B8-8580-487A-8F8E-5C3B9FBF0F77}.Debug|Any CPU.Build.0 = Debug|Any CPU
		{50E277B8-8580-487A-8F8E-5C3B9FBF0F77}.Debug|x86.ActiveCfg = Debug|Any CPU
		{50E277B8-8580-487A-8F8E-5C3B9FBF0F77}.Debug|x86.Build.0 = Debug|Any CPU
		{50E277B8-8580-487A-8F8E-5C3B9FBF0F77}.DebugVS2015|Any CPU.ActiveCfg = Debug|Any CPU
		{50E277B8-8580-487A-8F8E-5C3B9FBF0F77}.DebugVS2015|Any CPU.Build.0 = Debug|Any CPU
		{50E277B8-8580-487A-8F8E-5C3B9FBF0F77}.DebugVS2015|x86.ActiveCfg = Debug|Any CPU
		{50E277B8-8580-487A-8F8E-5C3B9FBF0F77}.DebugVS2015|x86.Build.0 = Debug|Any CPU
		{50E277B8-8580-487A-8F8E-5C3B9FBF0F77}.Publish|Any CPU.ActiveCfg = Release|Any CPU
		{50E277B8-8580-487A-8F8E-5C3B9FBF0F77}.Publish|Any CPU.Build.0 = Release|Any CPU
		{50E277B8-8580-487A-8F8E-5C3B9FBF0F77}.Publish|x86.ActiveCfg = Release|Any CPU
		{50E277B8-8580-487A-8F8E-5C3B9FBF0F77}.Publish|x86.Build.0 = Release|Any CPU
		{50E277B8-8580-487A-8F8E-5C3B9FBF0F77}.Release|Any CPU.ActiveCfg = Release|Any CPU
		{50E277B8-8580-487A-8F8E-5C3B9FBF0F77}.Release|Any CPU.Build.0 = Release|Any CPU
		{50E277B8-8580-487A-8F8E-5C3B9FBF0F77}.Release|x86.ActiveCfg = Release|Any CPU
		{50E277B8-8580-487A-8F8E-5C3B9FBF0F77}.Release|x86.Build.0 = Release|Any CPU
		{50E277B8-8580-487A-8F8E-5C3B9FBF0F77}.XamlDesign|Any CPU.ActiveCfg = Release|Any CPU
		{50E277B8-8580-487A-8F8E-5C3B9FBF0F77}.XamlDesign|Any CPU.Build.0 = Release|Any CPU
		{50E277B8-8580-487A-8F8E-5C3B9FBF0F77}.XamlDesign|x86.ActiveCfg = Release|Any CPU
		{50E277B8-8580-487A-8F8E-5C3B9FBF0F77}.XamlDesign|x86.Build.0 = Release|Any CPU
	EndGlobalSection
	GlobalSection(SolutionProperties) = preSolution
		HideSolutionNode = FALSE
	EndGlobalSection
	GlobalSection(ExtensibilityGlobals) = postSolution
		SolutionGuid = {41BA6B33-0427-4B30-9CC6-C009DB932BF2}
	EndGlobalSection
EndGlobal
